
Microsoft Visual Studio Solution File, Format Version 12.00
# Visual Studio Version 17
VisualStudioVersion = 17.4.33103.184
MinimumVisualStudioVersion = 10.0.40219.1
Project("{FAE04EC0-301F-11D3-BF4B-00C04F79EFBC}") = "VariablesAndConstants", "VariablesAndConstants.csproj", "{7EC64CD3-79D6-4B87-843C-EC436DBCBA51}"
EndProject
Global
	GlobalSection(SolutionConfigurationPlatforms) = preSolution
		Debug|Any CPU = Debug|Any CPU
		Release|Any CPU = Release|Any CPU
	EndGlobalSection
	GlobalSection(ProjectConfigurationPlatforms) = postSolution
		{7EC64CD3-79D6-4B87-843C-EC436DBCBA51}.Debug|Any CPU.ActiveCfg = Debug|Any CPU
		{7EC64CD3-79D6-4B87-843C-EC436DBCBA51}.Debug|Any CPU.Build.0 = Debug|Any CPU
		{7EC64CD3-79D6-4B87-843C-EC436DBCBA51}.Release|Any CPU.ActiveCfg = Release|Any CPU
		{7EC64CD3-79D6-4B87-843C-EC436DBCBA51}.Release|Any CPU.Build.0 = Release|Any CPU
	EndGlobalSection
	GlobalSection(SolutionProperties) = preSolution
		HideSolutionNode = FALSE
	EndGlobalSection
	GlobalSection(ExtensibilityGlobals) = postSolution
		SolutionGuid = {6813BBF1-4F70-473C-B84B-38B66FC429FA}
	EndGlobalSection
EndGlobal
